
Microsoft Visual Studio Solution File, Format Version 12.00
# Visual Studio Version 16
VisualStudioVersion = 16.0.32929.386
MinimumVisualStudioVersion = 10.0.40219.1
Project("{FAE04EC0-301F-11D3-BF4B-00C04F79EFBC}") = "SimpleCode", "SimpleCode.csproj", "{F106E783-8232-4D10-8E36-15AD534A332C}"
EndProject
Project("{FAE04EC0-301F-11D3-BF4B-00C04F79EFBC}") = "29_Triangles", "29_Triangles\29_Triangles.csproj", "{EB17B253-F5C0-410B-8291-4D6EC6EA8443}"
EndProject
Project("{FAE04EC0-301F-11D3-BF4B-00C04F79EFBC}") = "38_ArraysInCS", "38_ArraysInCS\38_ArraysInCS.csproj", "{F8AE2674-054A-4FF7-9EB3-69E79BB105BB}"
EndProject
Global
	GlobalSection(SolutionConfigurationPlatforms) = preSolution
		Debug|Any CPU = Debug|Any CPU
		Release|Any CPU = Release|Any CPU
	EndGlobalSection
	GlobalSection(ProjectConfigurationPlatforms) = postSolution
		{F106E783-8232-4D10-8E36-15AD534A332C}.Debug|Any CPU.ActiveCfg = Debug|Any CPU
		{F106E783-8232-4D10-8E36-15AD534A332C}.Debug|Any CPU.Build.0 = Debug|Any CPU
		{F106E783-8232-4D10-8E36-15AD534A332C}.Release|Any CPU.ActiveCfg = Release|Any CPU
		{F106E783-8232-4D10-8E36-15AD534A332C}.Release|Any CPU.Build.0 = Release|Any CPU
		{EB17B253-F5C0-410B-8291-4D6EC6EA8443}.Debug|Any CPU.ActiveCfg = Debug|Any CPU
		{EB17B253-F5C0-410B-8291-4D6EC6EA8443}.Debug|Any CPU.Build.0 = Debug|Any CPU
		{EB17B253-F5C0-410B-8291-4D6EC6EA8443}.Release|Any CPU.ActiveCfg = Release|Any CPU
		{EB17B253-F5C0-410B-8291-4D6EC6EA8443}.Release|Any CPU.Build.0 = Release|Any CPU
		{F8AE2674-054A-4FF7-9EB3-69E79BB105BB}.Debug|Any CPU.ActiveCfg = Debug|Any CPU
		{F8AE2674-054A-4FF7-9EB3-69E79BB105BB}.Debug|Any CPU.Build.0 = Debug|Any CPU
		{F8AE2674-054A-4FF7-9EB3-69E79BB105BB}.Release|Any CPU.ActiveCfg = Release|Any CPU
		{F8AE2674-054A-4FF7-9EB3-69E79BB105BB}.Release|Any CPU.Build.0 = Release|Any CPU
	EndGlobalSection
	GlobalSection(SolutionProperties) = preSolution
		HideSolutionNode = FALSE
	EndGlobalSection
	GlobalSection(ExtensibilityGlobals) = postSolution
		SolutionGuid = {96A59549-9459-4376-9F0C-D52978AA6CF2}
	EndGlobalSection
EndGlobal
